
Microsoft Visual Studio Solution File, Format Version 12.00
# Visual Studio Version 17
VisualStudioVersion = 17.5.33516.290
MinimumVisualStudioVersion = 10.0.40219.1
Project("{9A19103F-16F7-4668-BE54-9A1E7A4F7556}") = "CourseProject.API", "CourseProject.API\CourseProject.API.csproj", "{3938CF61-3299-4359-83C4-8ACCD7F9B73B}"
EndProject
Project("{FAE04EC0-301F-11D3-BF4B-00C04F79EFBC}") = "Courseproject.Business", "Courseproject.Business\Courseproject.Business.csproj", "{98AE8E55-B864-4542-8E53-99654B3A4403}"
EndProject
Project("{FAE04EC0-301F-11D3-BF4B-00C04F79EFBC}") = "Courseproject.Infrastructure", "Courseproject.Infrastructure\Courseproject.Infrastructure.csproj", "{902D8397-2D1B-4AF2-A733-A35717A451E3}"
EndProject
Project("{FAE04EC0-301F-11D3-BF4B-00C04F79EFBC}") = "Courseproject.Common", "Courseproject.Common\Courseproject.Common.csproj", "{3CC16014-E599-47D8-AE00-8D5A318C04A6}"
EndProject
Global
	GlobalSection(SolutionConfigurationPlatforms) = preSolution
		Debug|Any CPU = Debug|Any CPU
		Release|Any CPU = Release|Any CPU
	EndGlobalSection
	GlobalSection(ProjectConfigurationPlatforms) = postSolution
		{3938CF61-3299-4359-83C4-8ACCD7F9B73B}.Debug|Any CPU.ActiveCfg = Debug|Any CPU
		{3938CF61-3299-4359-83C4-8ACCD7F9B73B}.Debug|Any CPU.Build.0 = Debug|Any CPU
		{3938CF61-3299-4359-83C4-8ACCD7F9B73B}.Release|Any CPU.ActiveCfg = Release|Any CPU
		{3938CF61-3299-4359-83C4-8ACCD7F9B73B}.Release|Any CPU.Build.0 = Release|Any CPU
		{98AE8E55-B864-4542-8E53-99654B3A4403}.Debug|Any CPU.ActiveCfg = Debug|Any CPU
		{98AE8E55-B864-4542-8E53-99654B3A4403}.Debug|Any CPU.Build.0 = Debug|Any CPU
		{98AE8E55-B864-4542-8E53-99654B3A4403}.Release|Any CPU.ActiveCfg = Release|Any CPU
		{98AE8E55-B864-4542-8E53-99654B3A4403}.Release|Any CPU.Build.0 = Release|Any CPU
		{902D8397-2D1B-4AF2-A733-A35717A451E3}.Debug|Any CPU.ActiveCfg = Debug|Any CPU
		{902D8397-2D1B-4AF2-A733-A35717A451E3}.Debug|Any CPU.Build.0 = Debug|Any CPU
		{902D8397-2D1B-4AF2-A733-A35717A451E3}.Release|Any CPU.ActiveCfg = Release|Any CPU
		{902D8397-2D1B-4AF2-A733-A35717A451E3}.Release|Any CPU.Build.0 = Release|Any CPU
		{3CC16014-E599-47D8-AE00-8D5A318C04A6}.Debug|Any CPU.ActiveCfg = Debug|Any CPU
		{3CC16014-E599-47D8-AE00-8D5A318C04A6}.Debug|Any CPU.Build.0 = Debug|Any CPU
		{3CC16014-E599-47D8-AE00-8D5A318C04A6}.Release|Any CPU.ActiveCfg = Release|Any CPU
		{3CC16014-E599-47D8-AE00-8D5A318C04A6}.Release|Any CPU.Build.0 = Release|Any CPU
	EndGlobalSection
	GlobalSection(SolutionProperties) = preSolution
		HideSolutionNode = FALSE
	EndGlobalSection
	GlobalSection(ExtensibilityGlobals) = postSolution
		SolutionGuid = {0C836F36-504B-418D-AF8C-A1AF004E148D}
	EndGlobalSection
EndGlobal
